// !$*UTF8*$!
{
	archiveVersion = 1;
	classes = {
	};
	objectVersion = 48;
	objects = {

/* Begin PBXBuildFile section */
		5659068E2004552F00CDA44E /* AppDelegate.swift in Sources */ = {isa = PBXBuildFile; fileRef = 5659068D2004552F00CDA44E /* AppDelegate.swift */; };
		565906902004552F00CDA44E /* ViewController.swift in Sources */ = {isa = PBXBuildFile; fileRef = 5659068F2004552F00CDA44E /* ViewController.swift */; };
		565906932004552F00CDA44E /* Main.storyboard in Resources */ = {isa = PBXBuildFile; fileRef = 565906912004552F00CDA44E /* Main.storyboard */; };
		565906952004552F00CDA44E /* Assets.xcassets in Resources */ = {isa = PBXBuildFile; fileRef = 565906942004552F00CDA44E /* Assets.xcassets */; };
		565906982004552F00CDA44E /* LaunchScreen.storyboard in Resources */ = {isa = PBXBuildFile; fileRef = 565906962004552F00CDA44E /* LaunchScreen.storyboard */; };
		565906A32004552F00CDA44E /* count2Tests.swift in Sources */ = {isa = PBXBuildFile; fileRef = 565906A22004552F00CDA44E /* count2Tests.swift */; };
		565906AF2004554700CDA44E /* Counter.swift in Sources */ = {isa = PBXBuildFile; fileRef = 565906AE2004554700CDA44E /* Counter.swift */; };
		565906B22004584E00CDA44E /* CounterBaseViewController.swift in Sources */ = {isa = PBXBuildFile; fileRef = 565906B12004584E00CDA44E /* CounterBaseViewController.swift */; };
		565906B5200458E400CDA44E /* SafeAreaLayoutGuideCompatible.swift in Sources */ = {isa = PBXBuildFile; fileRef = 565906B4200458E400CDA44E /* SafeAreaLayoutGuideCompatible.swift */; };
		565906B82004591100CDA44E /* UIView+Extension.swift in Sources */ = {isa = PBXBuildFile; fileRef = 565906B72004591100CDA44E /* UIView+Extension.swift */; };
		565906BB200469AF00CDA44E /* EdgeView.swift in Sources */ = {isa = PBXBuildFile; fileRef = 565906BA200469AF00CDA44E /* EdgeView.swift */; };
		565906BD2004817600CDA44E /* Constants.swift in Sources */ = {isa = PBXBuildFile; fileRef = 565906BC2004817600CDA44E /* Constants.swift */; };
		565906BF20048D2100CDA44E /* NormalCountViewController.swift in Sources */ = {isa = PBXBuildFile; fileRef = 565906BE20048D2100CDA44E /* NormalCountViewController.swift */; };
		565906C220049C1200CDA44E /* TimerCountViewController.swift in Sources */ = {isa = PBXBuildFile; fileRef = 565906C120049C1200CDA44E /* TimerCountViewController.swift */; };
		56A5D0B120070863005F29FC /* ToolsView.swift in Sources */ = {isa = PBXBuildFile; fileRef = 56A5D0B020070863005F29FC /* ToolsView.swift */; };
		56A5D0B420070B8E005F29FC /* CounterValueViewType.swift in Sources */ = {isa = PBXBuildFile; fileRef = 56A5D0B320070B8E005F29FC /* CounterValueViewType.swift */; };
		97BF6713D2E696801749EA32 /* Pods_count2Tests.framework in Frameworks */ = {isa = PBXBuildFile; fileRef = 10A16E91344691F3C3285F1F /* Pods_count2Tests.framework */; };
		C9AF19E0D752994A089FB0FC /* Pods_count2.framework in Frameworks */ = {isa = PBXBuildFile; fileRef = 472F64A01DB95B258B6071CD /* Pods_count2.framework */; };
/* End PBXBuildFile section */

/* Begin PBXContainerItemProxy section */
		5659069F2004552F00CDA44E /* PBXContainerItemProxy */ = {
			isa = PBXContainerItemProxy;
			containerPortal = 565906822004552F00CDA44E /* Project object */;
			proxyType = 1;
			remoteGlobalIDString = 565906892004552F00CDA44E;
			remoteInfo = count2;
		};
/* End PBXContainerItemProxy section */

/* Begin PBXFileReference section */
		10A16E91344691F3C3285F1F /* Pods_count2Tests.framework */ = {isa = PBXFileReference; explicitFileType = wrapper.framework; includeInIndex = 0; path = Pods_count2Tests.framework; sourceTree = BUILT_PRODUCTS_DIR; };
		319BF9281DCBA72EF242B79C /* Pods-count2Tests.release.xcconfig */ = {isa = PBXFileReference; includeInIndex = 1; lastKnownFileType = text.xcconfig; name = "Pods-count2Tests.release.xcconfig"; path = "Pods/Target Support Files/Pods-count2Tests/Pods-count2Tests.release.xcconfig"; sourceTree = "<group>"; };
		472F64A01DB95B258B6071CD /* Pods_count2.framework */ = {isa = PBXFileReference; explicitFileType = wrapper.framework; includeInIndex = 0; path = Pods_count2.framework; sourceTree = BUILT_PRODUCTS_DIR; };
		5659068A2004552F00CDA44E /* count2.app */ = {isa = PBXFileReference; explicitFileType = wrapper.application; includeInIndex = 0; path = count2.app; sourceTree = BUILT_PRODUCTS_DIR; };
		5659068D2004552F00CDA44E /* AppDelegate.swift */ = {isa = PBXFileReference; lastKnownFileType = sourcecode.swift; path = AppDelegate.swift; sourceTree = "<group>"; };
		5659068F2004552F00CDA44E /* ViewController.swift */ = {isa = PBXFileReference; lastKnownFileType = sourcecode.swift; path = ViewController.swift; sourceTree = "<group>"; };
		565906922004552F00CDA44E /* Base */ = {isa = PBXFileReference; lastKnownFileType = file.storyboard; name = Base; path = Base.lproj/Main.storyboard; sourceTree = "<group>"; };
		565906942004552F00CDA44E /* Assets.xcassets */ = {isa = PBXFileReference; lastKnownFileType = folder.assetcatalog; path = Assets.xcassets; sourceTree = "<group>"; };
		565906972004552F00CDA44E /* Base */ = {isa = PBXFileReference; lastKnownFileType = file.storyboard; name = Base; path = Base.lproj/LaunchScreen.storyboard; sourceTree = "<group>"; };
		565906992004552F00CDA44E /* Info.plist */ = {isa = PBXFileReference; lastKnownFileType = text.plist.xml; path = Info.plist; sourceTree = "<group>"; };
		5659069E2004552F00CDA44E /* count2Tests.xctest */ = {isa = PBXFileReference; explicitFileType = wrapper.cfbundle; includeInIndex = 0; path = count2Tests.xctest; sourceTree = BUILT_PRODUCTS_DIR; };
		565906A22004552F00CDA44E /* count2Tests.swift */ = {isa = PBXFileReference; lastKnownFileType = sourcecode.swift; path = count2Tests.swift; sourceTree = "<group>"; };
		565906A42004552F00CDA44E /* Info.plist */ = {isa = PBXFileReference; lastKnownFileType = text.plist.xml; path = Info.plist; sourceTree = "<group>"; };
		565906AE2004554700CDA44E /* Counter.swift */ = {isa = PBXFileReference; lastKnownFileType = sourcecode.swift; path = Counter.swift; sourceTree = "<group>"; };
		565906B12004584E00CDA44E /* CounterBaseViewController.swift */ = {isa = PBXFileReference; lastKnownFileType = sourcecode.swift; path = CounterBaseViewController.swift; sourceTree = "<group>"; };
		565906B4200458E400CDA44E /* SafeAreaLayoutGuideCompatible.swift */ = {isa = PBXFileReference; lastKnownFileType = sourcecode.swift; path = SafeAreaLayoutGuideCompatible.swift; sourceTree = "<group>"; };
		565906B72004591100CDA44E /* UIView+Extension.swift */ = {isa = PBXFileReference; lastKnownFileType = sourcecode.swift; path = "UIView+Extension.swift"; sourceTree = "<group>"; };
		565906BA200469AF00CDA44E /* EdgeView.swift */ = {isa = PBXFileReference; lastKnownFileType = sourcecode.swift; path = EdgeView.swift; sourceTree = "<group>"; };
		565906BC2004817600CDA44E /* Constants.swift */ = {isa = PBXFileReference; lastKnownFileType = sourcecode.swift; path = Constants.swift; sourceTree = "<group>"; };
		565906BE20048D2100CDA44E /* NormalCountViewController.swift */ = {isa = PBXFileReference; lastKnownFileType = sourcecode.swift; path = NormalCountViewController.swift; sourceTree = "<group>"; };
		565906C120049C1200CDA44E /* TimerCountViewController.swift */ = {isa = PBXFileReference; lastKnownFileType = sourcecode.swift; path = TimerCountViewController.swift; sourceTree = "<group>"; };
		56A5D0B020070863005F29FC /* ToolsView.swift */ = {isa = PBXFileReference; lastKnownFileType = sourcecode.swift; path = ToolsView.swift; sourceTree = "<group>"; };
		56A5D0B320070B8E005F29FC /* CounterValueViewType.swift */ = {isa = PBXFileReference; lastKnownFileType = sourcecode.swift; path = CounterValueViewType.swift; sourceTree = "<group>"; };
		8663BADFF41146AFF39CB9EE /* Pods-count2Tests.debug.xcconfig */ = {isa = PBXFileReference; includeInIndex = 1; lastKnownFileType = text.xcconfig; name = "Pods-count2Tests.debug.xcconfig"; path = "Pods/Target Support Files/Pods-count2Tests/Pods-count2Tests.debug.xcconfig"; sourceTree = "<group>"; };
		AA44D5E597BB1F75115F2109 /* Pods-count2.release.xcconfig */ = {isa = PBXFileReference; includeInIndex = 1; lastKnownFileType = text.xcconfig; name = "Pods-count2.release.xcconfig"; path = "Pods/Target Support Files/Pods-count2/Pods-count2.release.xcconfig"; sourceTree = "<group>"; };
		C846B21B0C4AAB2A595EEFEB /* Pods-count2.debug.xcconfig */ = {isa = PBXFileReference; includeInIndex = 1; lastKnownFileType = text.xcconfig; name = "Pods-count2.debug.xcconfig"; path = "Pods/Target Support Files/Pods-count2/Pods-count2.debug.xcconfig"; sourceTree = "<group>"; };
/* End PBXFileReference section */

/* Begin PBXFrameworksBuildPhase section */
		565906872004552F00CDA44E /* Frameworks */ = {
			isa = PBXFrameworksBuildPhase;
			buildActionMask = 2147483647;
			files = (
				C9AF19E0D752994A089FB0FC /* Pods_count2.framework in Frameworks */,
			);
			runOnlyForDeploymentPostprocessing = 0;
		};
		5659069B2004552F00CDA44E /* Frameworks */ = {
			isa = PBXFrameworksBuildPhase;
			buildActionMask = 2147483647;
			files = (
				97BF6713D2E696801749EA32 /* Pods_count2Tests.framework in Frameworks */,
			);
			runOnlyForDeploymentPostprocessing = 0;
		};
/* End PBXFrameworksBuildPhase section */

/* Begin PBXGroup section */
		565906812004552F00CDA44E = {
			isa = PBXGroup;
			children = (
				5659068C2004552F00CDA44E /* count2 */,
				565906A12004552F00CDA44E /* count2Tests */,
				5659068B2004552F00CDA44E /* Products */,
				87464800D68317A41F330E75 /* Pods */,
				C0EAE638B73FCB97018E01F2 /* Frameworks */,
			);
			sourceTree = "<group>";
		};
		5659068B2004552F00CDA44E /* Products */ = {
			isa = PBXGroup;
			children = (
				5659068A2004552F00CDA44E /* count2.app */,
				5659069E2004552F00CDA44E /* count2Tests.xctest */,
			);
			name = Products;
			sourceTree = "<group>";
		};
		5659068C2004552F00CDA44E /* count2 */ = {
			isa = PBXGroup;
			children = (
				565906B3200458B800CDA44E /* Common */,
				565906AD2004553900CDA44E /* Model */,
				565906B9200469A700CDA44E /* View */,
				565906B02004583E00CDA44E /* ViewController */,
				5659068D2004552F00CDA44E /* AppDelegate.swift */,
				565906912004552F00CDA44E /* Main.storyboard */,
				565906942004552F00CDA44E /* Assets.xcassets */,
				565906962004552F00CDA44E /* LaunchScreen.storyboard */,
				565906992004552F00CDA44E /* Info.plist */,
			);
			path = count2;
			sourceTree = "<group>";
		};
		565906A12004552F00CDA44E /* count2Tests */ = {
			isa = PBXGroup;
			children = (
				565906A22004552F00CDA44E /* count2Tests.swift */,
				565906A42004552F00CDA44E /* Info.plist */,
			);
			path = count2Tests;
			sourceTree = "<group>";
		};
		565906AD2004553900CDA44E /* Model */ = {
			isa = PBXGroup;
			children = (
				565906AE2004554700CDA44E /* Counter.swift */,
				565906BC2004817600CDA44E /* Constants.swift */,
			);
			path = Model;
			sourceTree = "<group>";
		};
		565906B02004583E00CDA44E /* ViewController */ = {
			isa = PBXGroup;
			children = (
				56A5D0B220070B77005F29FC /* ValueView */,
				565906C020049BF900CDA44E /* CountViewController */,
				565906B12004584E00CDA44E /* CounterBaseViewController.swift */,
				5659068F2004552F00CDA44E /* ViewController.swift */,
			);
			path = ViewController;
			sourceTree = "<group>";
		};
		565906B3200458B800CDA44E /* Common */ = {
			isa = PBXGroup;
			children = (
				565906B62004590800CDA44E /* Extension */,
				565906B4200458E400CDA44E /* SafeAreaLayoutGuideCompatible.swift */,
			);
			path = Common;
			sourceTree = "<group>";
		};
		565906B62004590800CDA44E /* Extension */ = {
			isa = PBXGroup;
			children = (
				565906B72004591100CDA44E /* UIView+Extension.swift */,
			);
			path = Extension;
			sourceTree = "<group>";
		};
		565906B9200469A700CDA44E /* View */ = {
			isa = PBXGroup;
			children = (
				565906BA200469AF00CDA44E /* EdgeView.swift */,
				56A5D0B020070863005F29FC /* ToolsView.swift */,
			);
			path = View;
			sourceTree = "<group>";
		};
		565906C020049BF900CDA44E /* CountViewController */ = {
			isa = PBXGroup;
			children = (
				565906BE20048D2100CDA44E /* NormalCountViewController.swift */,
				565906C120049C1200CDA44E /* TimerCountViewController.swift */,
			);
			path = CountViewController;
			sourceTree = "<group>";
		};
		56A5D0B220070B77005F29FC /* ValueView */ = {
			isa = PBXGroup;
			children = (
				56A5D0B320070B8E005F29FC /* CounterValueViewType.swift */,
			);
			path = ValueView;
			sourceTree = "<group>";
		};
		87464800D68317A41F330E75 /* Pods */ = {
			isa = PBXGroup;
			children = (
				C846B21B0C4AAB2A595EEFEB /* Pods-count2.debug.xcconfig */,
				AA44D5E597BB1F75115F2109 /* Pods-count2.release.xcconfig */,
				8663BADFF41146AFF39CB9EE /* Pods-count2Tests.debug.xcconfig */,
				319BF9281DCBA72EF242B79C /* Pods-count2Tests.release.xcconfig */,
			);
			name = Pods;
			sourceTree = "<group>";
		};
		C0EAE638B73FCB97018E01F2 /* Frameworks */ = {
			isa = PBXGroup;
			children = (
				472F64A01DB95B258B6071CD /* Pods_count2.framework */,
				10A16E91344691F3C3285F1F /* Pods_count2Tests.framework */,
			);
			name = Frameworks;
			sourceTree = "<group>";
		};
/* End PBXGroup section */

/* Begin PBXNativeTarget section */
		565906892004552F00CDA44E /* count2 */ = {
			isa = PBXNativeTarget;
			buildConfigurationList = 565906A72004552F00CDA44E /* Build configuration list for PBXNativeTarget "count2" */;
			buildPhases = (
				F93A92A6701AA3771422F4EF /* [CP] Check Pods Manifest.lock */,
				565906862004552F00CDA44E /* Sources */,
				565906872004552F00CDA44E /* Frameworks */,
				565906882004552F00CDA44E /* Resources */,
				6B7C6AFD9D5DC0EC23ACB8C8 /* [CP] Embed Pods Frameworks */,
				B830EDC38183DD20F8ED35D1 /* [CP] Copy Pods Resources */,
			);
			buildRules = (
			);
			dependencies = (
			);
			name = count2;
			productName = count2;
			productReference = 5659068A2004552F00CDA44E /* count2.app */;
			productType = "com.apple.product-type.application";
		};
		5659069D2004552F00CDA44E /* count2Tests */ = {
			isa = PBXNativeTarget;
			buildConfigurationList = 565906AA2004552F00CDA44E /* Build configuration list for PBXNativeTarget "count2Tests" */;
			buildPhases = (
				BEB478A3E19169446507639C /* [CP] Check Pods Manifest.lock */,
				5659069A2004552F00CDA44E /* Sources */,
				5659069B2004552F00CDA44E /* Frameworks */,
				5659069C2004552F00CDA44E /* Resources */,
				71F35450793DDA78C32C46A9 /* [CP] Embed Pods Frameworks */,
				D8B0F3A034CBD89CA225D04D /* [CP] Copy Pods Resources */,
			);
			buildRules = (
			);
			dependencies = (
				565906A02004552F00CDA44E /* PBXTargetDependency */,
			);
			name = count2Tests;
			productName = count2Tests;
			productReference = 5659069E2004552F00CDA44E /* count2Tests.xctest */;
			productType = "com.apple.product-type.bundle.unit-test";
		};
/* End PBXNativeTarget section */

/* Begin PBXProject section */
		565906822004552F00CDA44E /* Project object */ = {
			isa = PBXProject;
			attributes = {
				LastSwiftUpdateCheck = 0920;
				LastUpgradeCheck = 0920;
				ORGANIZATIONNAME = ha1f;
				TargetAttributes = {
					565906892004552F00CDA44E = {
						CreatedOnToolsVersion = 9.2;
						ProvisioningStyle = Automatic;
					};
					5659069D2004552F00CDA44E = {
						CreatedOnToolsVersion = 9.2;
						ProvisioningStyle = Automatic;
						TestTargetID = 565906892004552F00CDA44E;
					};
				};
			};
			buildConfigurationList = 565906852004552F00CDA44E /* Build configuration list for PBXProject "count2" */;
			compatibilityVersion = "Xcode 8.0";
			developmentRegion = en;
			hasScannedForEncodings = 0;
			knownRegions = (
				en,
				Base,
			);
			mainGroup = 565906812004552F00CDA44E;
			productRefGroup = 5659068B2004552F00CDA44E /* Products */;
			projectDirPath = "";
			projectRoot = "";
			targets = (
				565906892004552F00CDA44E /* count2 */,
				5659069D2004552F00CDA44E /* count2Tests */,
			);
		};
/* End PBXProject section */

/* Begin PBXResourcesBuildPhase section */
		565906882004552F00CDA44E /* Resources */ = {
			isa = PBXResourcesBuildPhase;
			buildActionMask = 2147483647;
			files = (
				565906982004552F00CDA44E /* LaunchScreen.storyboard in Resources */,
				565906952004552F00CDA44E /* Assets.xcassets in Resources */,
				565906932004552F00CDA44E /* Main.storyboard in Resources */,
			);
			runOnlyForDeploymentPostprocessing = 0;
		};
		5659069C2004552F00CDA44E /* Resources */ = {
			isa = PBXResourcesBuildPhase;
			buildActionMask = 2147483647;
			files = (
			);
			runOnlyForDeploymentPostprocessing = 0;
		};
/* End PBXResourcesBuildPhase section */

/* Begin PBXShellScriptBuildPhase section */
		6B7C6AFD9D5DC0EC23ACB8C8 /* [CP] Embed Pods Frameworks */ = {
			isa = PBXShellScriptBuildPhase;
			buildActionMask = 2147483647;
			files = (
			);
			inputPaths = (
				"${SRCROOT}/Pods/Target Support Files/Pods-count2/Pods-count2-frameworks.sh",
				"${BUILT_PRODUCTS_DIR}/C4/C4.framework",
				"${BUILT_PRODUCTS_DIR}/Differentiator/Differentiator.framework",
				"${BUILT_PRODUCTS_DIR}/Instantiate/Instantiate.framework",
				"${BUILT_PRODUCTS_DIR}/LTMorphingLabel/LTMorphingLabel.framework",
				"${BUILT_PRODUCTS_DIR}/RxCocoa/RxCocoa.framework",
				"${BUILT_PRODUCTS_DIR}/RxDataSources/RxDataSources.framework",
				"${BUILT_PRODUCTS_DIR}/RxSwift/RxSwift.framework",
			);
			name = "[CP] Embed Pods Frameworks";
			outputPaths = (
				"${TARGET_BUILD_DIR}/${FRAMEWORKS_FOLDER_PATH}/C4.framework",
				"${TARGET_BUILD_DIR}/${FRAMEWORKS_FOLDER_PATH}/Differentiator.framework",
				"${TARGET_BUILD_DIR}/${FRAMEWORKS_FOLDER_PATH}/Instantiate.framework",
				"${TARGET_BUILD_DIR}/${FRAMEWORKS_FOLDER_PATH}/LTMorphingLabel.framework",
				"${TARGET_BUILD_DIR}/${FRAMEWORKS_FOLDER_PATH}/RxCocoa.framework",
				"${TARGET_BUILD_DIR}/${FRAMEWORKS_FOLDER_PATH}/RxDataSources.framework",
				"${TARGET_BUILD_DIR}/${FRAMEWORKS_FOLDER_PATH}/RxSwift.framework",
			);
			runOnlyForDeploymentPostprocessing = 0;
			shellPath = /bin/sh;
			shellScript = "\"${SRCROOT}/Pods/Target Support Files/Pods-count2/Pods-count2-frameworks.sh\"\n";
			showEnvVarsInLog = 0;
		};
		71F35450793DDA78C32C46A9 /* [CP] Embed Pods Frameworks */ = {
			isa = PBXShellScriptBuildPhase;
			buildActionMask = 2147483647;
			files = (
			);
			inputPaths = (
				"${SRCROOT}/Pods/Target Support Files/Pods-count2Tests/Pods-count2Tests-frameworks.sh",
				"${BUILT_PRODUCTS_DIR}/RxSwift/RxSwift.framework",
				"${BUILT_PRODUCTS_DIR}/RxBlocking/RxBlocking.framework",
				"${BUILT_PRODUCTS_DIR}/RxTest/RxTest.framework",
			);
			name = "[CP] Embed Pods Frameworks";
			outputPaths = (
				"${TARGET_BUILD_DIR}/${FRAMEWORKS_FOLDER_PATH}/RxSwift.framework",
				"${TARGET_BUILD_DIR}/${FRAMEWORKS_FOLDER_PATH}/RxBlocking.framework",
				"${TARGET_BUILD_DIR}/${FRAMEWORKS_FOLDER_PATH}/RxTest.framework",
			);
			runOnlyForDeploymentPostprocessing = 0;
			shellPath = /bin/sh;
			shellScript = "\"${SRCROOT}/Pods/Target Support Files/Pods-count2Tests/Pods-count2Tests-frameworks.sh\"\n";
			showEnvVarsInLog = 0;
		};
		B830EDC38183DD20F8ED35D1 /* [CP] Copy Pods Resources */ = {
			isa = PBXShellScriptBuildPhase;
			buildActionMask = 2147483647;
			files = (
			);
			inputPaths = (
			);
			name = "[CP] Copy Pods Resources";
			outputPaths = (
			);
			runOnlyForDeploymentPostprocessing = 0;
			shellPath = /bin/sh;
			shellScript = "\"${SRCROOT}/Pods/Target Support Files/Pods-count2/Pods-count2-resources.sh\"\n";
			showEnvVarsInLog = 0;
		};
		BEB478A3E19169446507639C /* [CP] Check Pods Manifest.lock */ = {
			isa = PBXShellScriptBuildPhase;
			buildActionMask = 2147483647;
			files = (
			);
			inputPaths = (
				"${PODS_PODFILE_DIR_PATH}/Podfile.lock",
				"${PODS_ROOT}/Manifest.lock",
			);
			name = "[CP] Check Pods Manifest.lock";
			outputPaths = (
				"$(DERIVED_FILE_DIR)/Pods-count2Tests-checkManifestLockResult.txt",
			);
			runOnlyForDeploymentPostprocessing = 0;
			shellPath = /bin/sh;
			shellScript = "diff \"${PODS_PODFILE_DIR_PATH}/Podfile.lock\" \"${PODS_ROOT}/Manifest.lock\" > /dev/null\nif [ $? != 0 ] ; then\n    # print error to STDERR\n    echo \"error: The sandbox is not in sync with the Podfile.lock. Run 'pod install' or update your CocoaPods installation.\" >&2\n    exit 1\nfi\n# This output is used by Xcode 'outputs' to avoid re-running this script phase.\necho \"SUCCESS\" > \"${SCRIPT_OUTPUT_FILE_0}\"\n";
			showEnvVarsInLog = 0;
		};
		D8B0F3A034CBD89CA225D04D /* [CP] Copy Pods Resources */ = {
			isa = PBXShellScriptBuildPhase;
			buildActionMask = 2147483647;
			files = (
			);
			inputPaths = (
			);
			name = "[CP] Copy Pods Resources";
			outputPaths = (
			);
			runOnlyForDeploymentPostprocessing = 0;
			shellPath = /bin/sh;
			shellScript = "\"${SRCROOT}/Pods/Target Support Files/Pods-count2Tests/Pods-count2Tests-resources.sh\"\n";
			showEnvVarsInLog = 0;
		};
		F93A92A6701AA3771422F4EF /* [CP] Check Pods Manifest.lock */ = {
			isa = PBXShellScriptBuildPhase;
			buildActionMask = 2147483647;
			files = (
			);
			inputPaths = (
				"${PODS_PODFILE_DIR_PATH}/Podfile.lock",
				"${PODS_ROOT}/Manifest.lock",
			);
			name = "[CP] Check Pods Manifest.lock";
			outputPaths = (
				"$(DERIVED_FILE_DIR)/Pods-count2-checkManifestLockResult.txt",
			);
			runOnlyForDeploymentPostprocessing = 0;
			shellPath = /bin/sh;
			shellScript = "diff \"${PODS_PODFILE_DIR_PATH}/Podfile.lock\" \"${PODS_ROOT}/Manifest.lock\" > /dev/null\nif [ $? != 0 ] ; then\n    # print error to STDERR\n    echo \"error: The sandbox is not in sync with the Podfile.lock. Run 'pod install' or update your CocoaPods installation.\" >&2\n    exit 1\nfi\n# This output is used by Xcode 'outputs' to avoid re-running this script phase.\necho \"SUCCESS\" > \"${SCRIPT_OUTPUT_FILE_0}\"\n";
			showEnvVarsInLog = 0;
		};
/* End PBXShellScriptBuildPhase section */

/* Begin PBXSourcesBuildPhase section */
		565906862004552F00CDA44E /* Sources */ = {
			isa = PBXSourcesBuildPhase;
			buildActionMask = 2147483647;
			files = (
				565906BB200469AF00CDA44E /* EdgeView.swift in Sources */,
				565906B82004591100CDA44E /* UIView+Extension.swift in Sources */,
				56A5D0B120070863005F29FC /* ToolsView.swift in Sources */,
				565906BF20048D2100CDA44E /* NormalCountViewController.swift in Sources */,
				565906B5200458E400CDA44E /* SafeAreaLayoutGuideCompatible.swift in Sources */,
				565906C220049C1200CDA44E /* TimerCountViewController.swift in Sources */,
				565906B22004584E00CDA44E /* CounterBaseViewController.swift in Sources */,
				56A5D0B420070B8E005F29FC /* CounterValueViewType.swift in Sources */,
				565906902004552F00CDA44E /* ViewController.swift in Sources */,
				5659068E2004552F00CDA44E /* AppDelegate.swift in Sources */,
				565906AF2004554700CDA44E /* Counter.swift in Sources */,
				565906BD2004817600CDA44E /* Constants.swift in Sources */,
			);
			runOnlyForDeploymentPostprocessing = 0;
		};
		5659069A2004552F00CDA44E /* Sources */ = {
			isa = PBXSourcesBuildPhase;
			buildActionMask = 2147483647;
			files = (
				565906A32004552F00CDA44E /* count2Tests.swift in Sources */,
			);
			runOnlyForDeploymentPostprocessing = 0;
		};
/* End PBXSourcesBuildPhase section */

/* Begin PBXTargetDependency section */
		565906A02004552F00CDA44E /* PBXTargetDependency */ = {
			isa = PBXTargetDependency;
			target = 565906892004552F00CDA44E /* count2 */;
			targetProxy = 5659069F2004552F00CDA44E /* PBXContainerItemProxy */;
		};
/* End PBXTargetDependency section */

/* Begin PBXVariantGroup section */
		565906912004552F00CDA44E /* Main.storyboard */ = {
			isa = PBXVariantGroup;
			children = (
				565906922004552F00CDA44E /* Base */,
			);
			name = Main.storyboard;
			sourceTree = "<group>";
		};
		565906962004552F00CDA44E /* LaunchScreen.storyboard */ = {
			isa = PBXVariantGroup;
			children = (
				565906972004552F00CDA44E /* Base */,
			);
			name = LaunchScreen.storyboard;
			sourceTree = "<group>";
		};
/* End PBXVariantGroup section */

/* Begin XCBuildConfiguration section */
		565906A52004552F00CDA44E /* Debug */ = {
			isa = XCBuildConfiguration;
			buildSettings = {
				ALWAYS_SEARCH_USER_PATHS = NO;
				CLANG_ANALYZER_NONNULL = YES;
				CLANG_ANALYZER_NUMBER_OBJECT_CONVERSION = YES_AGGRESSIVE;
				CLANG_CXX_LANGUAGE_STANDARD = "gnu++14";
				CLANG_CXX_LIBRARY = "libc++";
				CLANG_ENABLE_MODULES = YES;
				CLANG_ENABLE_OBJC_ARC = YES;
				CLANG_WARN_BLOCK_CAPTURE_AUTORELEASING = YES;
				CLANG_WARN_BOOL_CONVERSION = YES;
				CLANG_WARN_COMMA = YES;
				CLANG_WARN_CONSTANT_CONVERSION = YES;
				CLANG_WARN_DIRECT_OBJC_ISA_USAGE = YES_ERROR;
				CLANG_WARN_DOCUMENTATION_COMMENTS = YES;
				CLANG_WARN_EMPTY_BODY = YES;
				CLANG_WARN_ENUM_CONVERSION = YES;
				CLANG_WARN_INFINITE_RECURSION = YES;
				CLANG_WARN_INT_CONVERSION = YES;
				CLANG_WARN_NON_LITERAL_NULL_CONVERSION = YES;
				CLANG_WARN_OBJC_LITERAL_CONVERSION = YES;
				CLANG_WARN_OBJC_ROOT_CLASS = YES_ERROR;
				CLANG_WARN_RANGE_LOOP_ANALYSIS = YES;
				CLANG_WARN_STRICT_PROTOTYPES = YES;
				CLANG_WARN_SUSPICIOUS_MOVE = YES;
				CLANG_WARN_UNGUARDED_AVAILABILITY = YES_AGGRESSIVE;
				CLANG_WARN_UNREACHABLE_CODE = YES;
				CLANG_WARN__DUPLICATE_METHOD_MATCH = YES;
				CODE_SIGN_IDENTITY = "iPhone Developer";
				COPY_PHASE_STRIP = NO;
				DEBUG_INFORMATION_FORMAT = dwarf;
				ENABLE_STRICT_OBJC_MSGSEND = YES;
				ENABLE_TESTABILITY = YES;
				GCC_C_LANGUAGE_STANDARD = gnu11;
				GCC_DYNAMIC_NO_PIC = NO;
				GCC_NO_COMMON_BLOCKS = YES;
				GCC_OPTIMIZATION_LEVEL = 0;
				GCC_PREPROCESSOR_DEFINITIONS = (
					"DEBUG=1",
					"$(inherited)",
				);
				GCC_WARN_64_TO_32_BIT_CONVERSION = YES;
				GCC_WARN_ABOUT_RETURN_TYPE = YES_ERROR;
				GCC_WARN_UNDECLARED_SELECTOR = YES;
				GCC_WARN_UNINITIALIZED_AUTOS = YES_AGGRESSIVE;
				GCC_WARN_UNUSED_FUNCTION = YES;
				GCC_WARN_UNUSED_VARIABLE = YES;
				IPHONEOS_DEPLOYMENT_TARGET = 11.2;
				MTL_ENABLE_DEBUG_INFO = YES;
				ONLY_ACTIVE_ARCH = YES;
				SDKROOT = iphoneos;
				SWIFT_ACTIVE_COMPILATION_CONDITIONS = DEBUG;
				SWIFT_OPTIMIZATION_LEVEL = "-Onone";
			};
			name = Debug;
		};
		565906A62004552F00CDA44E /* Release */ = {
			isa = XCBuildConfiguration;
			buildSettings = {
				ALWAYS_SEARCH_USER_PATHS = NO;
				CLANG_ANALYZER_NONNULL = YES;
				CLANG_ANALYZER_NUMBER_OBJECT_CONVERSION = YES_AGGRESSIVE;
				CLANG_CXX_LANGUAGE_STANDARD = "gnu++14";
				CLANG_CXX_LIBRARY = "libc++";
				CLANG_ENABLE_MODULES = YES;
				CLANG_ENABLE_OBJC_ARC = YES;
				CLANG_WARN_BLOCK_CAPTURE_AUTORELEASING = YES;
				CLANG_WARN_BOOL_CONVERSION = YES;
				CLANG_WARN_COMMA = YES;
				CLANG_WARN_CONSTANT_CONVERSION = YES;
				CLANG_WARN_DIRECT_OBJC_ISA_USAGE = YES_ERROR;
				CLANG_WARN_DOCUMENTATION_COMMENTS = YES;
				CLANG_WARN_EMPTY_BODY = YES;
				CLANG_WARN_ENUM_CONVERSION = YES;
				CLANG_WARN_INFINITE_RECURSION = YES;
				CLANG_WARN_INT_CONVERSION = YES;
				CLANG_WARN_NON_LITERAL_NULL_CONVERSION = YES;
				CLANG_WARN_OBJC_LITERAL_CONVERSION = YES;
				CLANG_WARN_OBJC_ROOT_CLASS = YES_ERROR;
				CLANG_WARN_RANGE_LOOP_ANALYSIS = YES;
				CLANG_WARN_STRICT_PROTOTYPES = YES;
				CLANG_WARN_SUSPICIOUS_MOVE = YES;
				CLANG_WARN_UNGUARDED_AVAILABILITY = YES_AGGRESSIVE;
				CLANG_WARN_UNREACHABLE_CODE = YES;
				CLANG_WARN__DUPLICATE_METHOD_MATCH = YES;
				CODE_SIGN_IDENTITY = "iPhone Developer";
				COPY_PHASE_STRIP = NO;
				DEBUG_INFORMATION_FORMAT = "dwarf-with-dsym";
				ENABLE_NS_ASSERTIONS = NO;
				ENABLE_STRICT_OBJC_MSGSEND = YES;
				GCC_C_LANGUAGE_STANDARD = gnu11;
				GCC_NO_COMMON_BLOCKS = YES;
				GCC_WARN_64_TO_32_BIT_CONVERSION = YES;
				GCC_WARN_ABOUT_RETURN_TYPE = YES_ERROR;
				GCC_WARN_UNDECLARED_SELECTOR = YES;
				GCC_WARN_UNINITIALIZED_AUTOS = YES_AGGRESSIVE;
				GCC_WARN_UNUSED_FUNCTION = YES;
				GCC_WARN_UNUSED_VARIABLE = YES;
				IPHONEOS_DEPLOYMENT_TARGET = 11.2;
				MTL_ENABLE_DEBUG_INFO = NO;
				SDKROOT = iphoneos;
				SWIFT_OPTIMIZATION_LEVEL = "-Owholemodule";
				VALIDATE_PRODUCT = YES;
			};
			name = Release;
		};
		565906A82004552F00CDA44E /* Debug */ = {
			isa = XCBuildConfiguration;
			baseConfigurationReference = C846B21B0C4AAB2A595EEFEB /* Pods-count2.debug.xcconfig */;
			buildSettings = {
				ASSETCATALOG_COMPILER_APPICON_NAME = AppIcon;
				CODE_SIGN_STYLE = Automatic;
				DEVELOPMENT_TEAM = V723YSJ67H;
				INFOPLIST_FILE = count2/Info.plist;
				LD_RUNPATH_SEARCH_PATHS = "$(inherited) @executable_path/Frameworks";
				PRODUCT_BUNDLE_IDENTIFIER = net.ha1f.count2;
				PRODUCT_NAME = "$(TARGET_NAME)";
				SWIFT_VERSION = 4.0;
				TARGETED_DEVICE_FAMILY = "1,2";
			};
			name = Debug;
		};
		565906A92004552F00CDA44E /* Release */ = {
			isa = XCBuildConfiguration;
			baseConfigurationReference = AA44D5E597BB1F75115F2109 /* Pods-count2.release.xcconfig */;
			buildSettings = {
				ASSETCATALOG_COMPILER_APPICON_NAME = AppIcon;
				CODE_SIGN_STYLE = Automatic;
				DEVELOPMENT_TEAM = V723YSJ67H;
				INFOPLIST_FILE = count2/Info.plist;
				LD_RUNPATH_SEARCH_PATHS = "$(inherited) @executable_path/Frameworks";
				PRODUCT_BUNDLE_IDENTIFIER = net.ha1f.count2;
				PRODUCT_NAME = "$(TARGET_NAME)";
				SWIFT_VERSION = 4.0;
				TARGETED_DEVICE_FAMILY = "1,2";
			};
			name = Release;
		};
		565906AB2004552F00CDA44E /* Debug */ = {
			isa = XCBuildConfiguration;
			baseConfigurationReference = 8663BADFF41146AFF39CB9EE /* Pods-count2Tests.debug.xcconfig */;
			buildSettings = {
				ALWAYS_EMBED_SWIFT_STANDARD_LIBRARIES = YES;
				BUNDLE_LOADER = "$(TEST_HOST)";
				CODE_SIGN_STYLE = Automatic;
				DEVELOPMENT_TEAM = V723YSJ67H;
				INFOPLIST_FILE = count2Tests/Info.plist;
				LD_RUNPATH_SEARCH_PATHS = "$(inherited) @executable_path/Frameworks @loader_path/Frameworks";
				PRODUCT_BUNDLE_IDENTIFIER = net.ha1f.count2Tests;
				PRODUCT_NAME = "$(TARGET_NAME)";
				SWIFT_VERSION = 4.0;
				TARGETED_DEVICE_FAMILY = "1,2";
				TEST_HOST = "$(BUILT_PRODUCTS_DIR)/count2.app/count2";
			};
			name = Debug;
		};
		565906AC2004552F00CDA44E /* Release */ = {
			isa = XCBuildConfiguration;
			baseConfigurationReference = 319BF9281DCBA72EF242B79C /* Pods-count2Tests.release.xcconfig */;
			buildSettings = {
				ALWAYS_EMBED_SWIFT_STANDARD_LIBRARIES = YES;
				BUNDLE_LOADER = "$(TEST_HOST)";
				CODE_SIGN_STYLE = Automatic;
				DEVELOPMENT_TEAM = V723YSJ67H;
				INFOPLIST_FILE = count2Tests/Info.plist;
				LD_RUNPATH_SEARCH_PATHS = "$(inherited) @executable_path/Frameworks @loader_path/Frameworks";
				PRODUCT_BUNDLE_IDENTIFIER = net.ha1f.count2Tests;
				PRODUCT_NAME = "$(TARGET_NAME)";
				SWIFT_VERSION = 4.0;
				TARGETED_DEVICE_FAMILY = "1,2";
				TEST_HOST = "$(BUILT_PRODUCTS_DIR)/count2.app/count2";
			};
			name = Release;
		};
/* End XCBuildConfiguration section */

/* Begin XCConfigurationList section */
		565906852004552F00CDA44E /* Build configuration list for PBXProject "count2" */ = {
			isa = XCConfigurationList;
			buildConfigurations = (
				565906A52004552F00CDA44E /* Debug */,
				565906A62004552F00CDA44E /* Release */,
			);
			defaultConfigurationIsVisible = 0;
			defaultConfigurationName = Release;
		};
		565906A72004552F00CDA44E /* Build configuration list for PBXNativeTarget "count2" */ = {
			isa = XCConfigurationList;
			buildConfigurations = (
				565906A82004552F00CDA44E /* Debug */,
				565906A92004552F00CDA44E /* Release */,
			);
			defaultConfigurationIsVisible = 0;
			defaultConfigurationName = Release;
		};
		565906AA2004552F00CDA44E /* Build configuration list for PBXNativeTarget "count2Tests" */ = {
			isa = XCConfigurationList;
			buildConfigurations = (
				565906AB2004552F00CDA44E /* Debug */,
				565906AC2004552F00CDA44E /* Release */,
			);
			defaultConfigurationIsVisible = 0;
			defaultConfigurationName = Release;
		};
/* End XCConfigurationList section */
	};
	rootObject = 565906822004552F00CDA44E /* Project object */;
}
